
Microsoft Visual Studio Solution File, Format Version 12.00
# Visual Studio Version 17
VisualStudioVersion = 17.0.31919.166
MinimumVisualStudioVersion = 10.0.40219.1
Project("{FAE04EC0-301F-11D3-BF4B-00C04F79EFBC}") = "DapperReview", "DapperReview\DapperReview.csproj", "{D3C94C8C-1B9C-40A4-8A4B-0E81F7AB1044}"
EndProject
Global
	GlobalSection(SolutionConfigurationPlatforms) = preSolution
		Debug|Any CPU = Debug|Any CPU
		Release|Any CPU = Release|Any CPU
	EndGlobalSection
	GlobalSection(ProjectConfigurationPlatforms) = postSolution
		{D3C94C8C-1B9C-40A4-8A4B-0E81F7AB1044}.Debug|Any CPU.ActiveCfg = Debug|Any CPU
		{D3C94C8C-1B9C-40A4-8A4B-0E81F7AB1044}.Debug|Any CPU.Build.0 = Debug|Any CPU
		{D3C94C8C-1B9C-40A4-8A4B-0E81F7AB1044}.Release|Any CPU.ActiveCfg = Release|Any CPU
		{D3C94C8C-1B9C-40A4-8A4B-0E81F7AB1044}.Release|Any CPU.Build.0 = Release|Any CPU
	EndGlobalSection
	GlobalSection(SolutionProperties) = preSolution
		HideSolutionNode = FALSE
	EndGlobalSection
	GlobalSection(ExtensibilityGlobals) = postSolution
		SolutionGuid = {3D60785E-FC9C-4FEE-A15A-497473F5AB3E}
	EndGlobalSection
EndGlobal
